
Microsoft Visual Studio Solution File, Format Version 12.00
# Visual Studio Version 16
VisualStudioVersion = 16.0.32428.217
MinimumVisualStudioVersion = 10.0.40219.1
Project("{2150E333-8FDC-42A3-9474-1A3956D46DE8}") = "Services", "Services", "{24FD003A-1D90-4DA1-8A28-D9E04CB4E1BA}"
EndProject
Project("{2150E333-8FDC-42A3-9474-1A3956D46DE8}") = "Catalog", "Catalog", "{914D1D0E-CF37-45A1-AA55-B3275C431838}"
EndProject
Project("{9A19103F-16F7-4668-BE54-9A1E7A4F7556}") = "Catalog.API", "Services\Catalog\Catalog.API\Catalog.API.csproj", "{46FD5F6D-696B-4971-B0BD-BD060B683494}"
EndProject
Project("{E53339B2-1760-4266-BCC7-CA923CBCF16C}") = "docker-compose", "docker-compose.dcproj", "{456E28EB-8633-4C96-A4B4-740D2BE0AE14}"
EndProject
Project("{2150E333-8FDC-42A3-9474-1A3956D46DE8}") = "Basket", "Basket", "{8A60B795-3C11-4F54-B5F5-DE680F635C16}"
EndProject
Project("{9A19103F-16F7-4668-BE54-9A1E7A4F7556}") = "Basket.API", "Services\Basket\Basket.API\Basket.API.csproj", "{C9D55B19-06A3-481E-85D4-A8736FE12CFD}"
EndProject
Project("{2150E333-8FDC-42A3-9474-1A3956D46DE8}") = "Discount", "Discount", "{6A889A38-6077-4910-90A6-8C248C390D8B}"
EndProject
Project("{FAE04EC0-301F-11D3-BF4B-00C04F79EFBC}") = "Discount.API", "Services\Discount\Discount.API\Discount.API.csproj", "{CBECBB05-BFB7-4A88-BB5F-D7F238621725}"
EndProject
Project("{FAE04EC0-301F-11D3-BF4B-00C04F79EFBC}") = "Discount.Grpc", "Services\Discount\Discount.Grpc\Discount.Grpc.csproj", "{7308F270-6989-43C2-94F2-9A25F51EB0A3}"
EndProject
Global
	GlobalSection(SolutionConfigurationPlatforms) = preSolution
		Debug|Any CPU = Debug|Any CPU
		Release|Any CPU = Release|Any CPU
	EndGlobalSection
	GlobalSection(ProjectConfigurationPlatforms) = postSolution
		{46FD5F6D-696B-4971-B0BD-BD060B683494}.Debug|Any CPU.ActiveCfg = Debug|Any CPU
		{46FD5F6D-696B-4971-B0BD-BD060B683494}.Debug|Any CPU.Build.0 = Debug|Any CPU
		{46FD5F6D-696B-4971-B0BD-BD060B683494}.Release|Any CPU.ActiveCfg = Release|Any CPU
		{46FD5F6D-696B-4971-B0BD-BD060B683494}.Release|Any CPU.Build.0 = Release|Any CPU
		{456E28EB-8633-4C96-A4B4-740D2BE0AE14}.Debug|Any CPU.ActiveCfg = Debug|Any CPU
		{456E28EB-8633-4C96-A4B4-740D2BE0AE14}.Debug|Any CPU.Build.0 = Debug|Any CPU
		{456E28EB-8633-4C96-A4B4-740D2BE0AE14}.Release|Any CPU.ActiveCfg = Release|Any CPU
		{456E28EB-8633-4C96-A4B4-740D2BE0AE14}.Release|Any CPU.Build.0 = Release|Any CPU
		{C9D55B19-06A3-481E-85D4-A8736FE12CFD}.Debug|Any CPU.ActiveCfg = Debug|Any CPU
		{C9D55B19-06A3-481E-85D4-A8736FE12CFD}.Debug|Any CPU.Build.0 = Debug|Any CPU
		{C9D55B19-06A3-481E-85D4-A8736FE12CFD}.Release|Any CPU.ActiveCfg = Release|Any CPU
		{C9D55B19-06A3-481E-85D4-A8736FE12CFD}.Release|Any CPU.Build.0 = Release|Any CPU
		{CBECBB05-BFB7-4A88-BB5F-D7F238621725}.Debug|Any CPU.ActiveCfg = Debug|Any CPU
		{CBECBB05-BFB7-4A88-BB5F-D7F238621725}.Debug|Any CPU.Build.0 = Debug|Any CPU
		{CBECBB05-BFB7-4A88-BB5F-D7F238621725}.Release|Any CPU.ActiveCfg = Release|Any CPU
		{CBECBB05-BFB7-4A88-BB5F-D7F238621725}.Release|Any CPU.Build.0 = Release|Any CPU
		{7308F270-6989-43C2-94F2-9A25F51EB0A3}.Debug|Any CPU.ActiveCfg = Debug|Any CPU
		{7308F270-6989-43C2-94F2-9A25F51EB0A3}.Debug|Any CPU.Build.0 = Debug|Any CPU
		{7308F270-6989-43C2-94F2-9A25F51EB0A3}.Release|Any CPU.ActiveCfg = Release|Any CPU
		{7308F270-6989-43C2-94F2-9A25F51EB0A3}.Release|Any CPU.Build.0 = Release|Any CPU
	EndGlobalSection
	GlobalSection(SolutionProperties) = preSolution
		HideSolutionNode = FALSE
	EndGlobalSection
	GlobalSection(NestedProjects) = preSolution
		{914D1D0E-CF37-45A1-AA55-B3275C431838} = {24FD003A-1D90-4DA1-8A28-D9E04CB4E1BA}
		{46FD5F6D-696B-4971-B0BD-BD060B683494} = {914D1D0E-CF37-45A1-AA55-B3275C431838}
		{8A60B795-3C11-4F54-B5F5-DE680F635C16} = {24FD003A-1D90-4DA1-8A28-D9E04CB4E1BA}
		{C9D55B19-06A3-481E-85D4-A8736FE12CFD} = {8A60B795-3C11-4F54-B5F5-DE680F635C16}
		{6A889A38-6077-4910-90A6-8C248C390D8B} = {24FD003A-1D90-4DA1-8A28-D9E04CB4E1BA}
		{CBECBB05-BFB7-4A88-BB5F-D7F238621725} = {6A889A38-6077-4910-90A6-8C248C390D8B}
		{7308F270-6989-43C2-94F2-9A25F51EB0A3} = {6A889A38-6077-4910-90A6-8C248C390D8B}
	EndGlobalSection
	GlobalSection(ExtensibilityGlobals) = postSolution
		SolutionGuid = {39B7CF0D-F63E-4ED2-9A13-20EA49CC9050}
	EndGlobalSection
EndGlobal
